{
  "requires": true,
  "lockfileVersion": 1,
  "dependencies": {
    "ng-sidebar": {
      "version": "9.4.2",
      "resolved": "https://registry.npmjs.org/ng-sidebar/-/ng-sidebar-9.4.2.tgz",
      "integrity": "sha512-8KmEQYFhn4S5LDjRDXBhDfCgLchJEj+ClBdiTCAQoRjX8vdh85hmKIGN7aBsh1HNOXKN3rzDu0qmd90193/P3Q=="
    }
  }
}
